// !$*UTF8*$!
{
	archiveVersion = 1;
	classes = {
	};
	objectVersion = 50;
	objects = {

/* Begin PBXBuildFile section */
		60915FD923AB972E0054E7D5 /* SizeNFitCatalina.framework in Frameworks */ = {isa = PBXBuildFile; fileRef = 60915FCF23AB972E0054E7D5 /* SizeNFitCatalina.framework */; };
		60915FDE23AB972E0054E7D5 /* SizeNFitCatalinaTests.swift in Sources */ = {isa = PBXBuildFile; fileRef = 60915FDD23AB972E0054E7D5 /* SizeNFitCatalinaTests.swift */; };
		60915FE023AB972E0054E7D5 /* SizeNFitCatalina.h in Headers */ = {isa = PBXBuildFile; fileRef = 60915FD223AB972E0054E7D5 /* SizeNFitCatalina.h */; settings = {ATTRIBUTES = (Public, ); }; };
		60915FF023AB98050054E7D5 /* AppDelegate.swift in Sources */ = {isa = PBXBuildFile; fileRef = 60915FEF23AB98050054E7D5 /* AppDelegate.swift */; };
		60915FF223AB98050054E7D5 /* SceneDelegate.swift in Sources */ = {isa = PBXBuildFile; fileRef = 60915FF123AB98050054E7D5 /* SceneDelegate.swift */; };
		60915FF423AB98050054E7D5 /* ViewController.swift in Sources */ = {isa = PBXBuildFile; fileRef = 60915FF323AB98050054E7D5 /* ViewController.swift */; };
		60915FF723AB98050054E7D5 /* Main.storyboard in Resources */ = {isa = PBXBuildFile; fileRef = 60915FF523AB98050054E7D5 /* Main.storyboard */; };
		60915FF923AB98070054E7D5 /* Assets.xcassets in Resources */ = {isa = PBXBuildFile; fileRef = 60915FF823AB98070054E7D5 /* Assets.xcassets */; };
		60915FFC23AB98070054E7D5 /* LaunchScreen.storyboard in Resources */ = {isa = PBXBuildFile; fileRef = 60915FFA23AB98070054E7D5 /* LaunchScreen.storyboard */; };
/* End PBXBuildFile section */

/* Begin PBXContainerItemProxy section */
		60915FDA23AB972E0054E7D5 /* PBXContainerItemProxy */ = {
			isa = PBXContainerItemProxy;
			containerPortal = 60915FC623AB972E0054E7D5 /* Project object */;
			proxyType = 1;
			remoteGlobalIDString = 60915FCE23AB972E0054E7D5;
			remoteInfo = SizeNFitCatalina;
		};
/* End PBXContainerItemProxy section */

/* Begin PBXFileReference section */
		60915FCF23AB972E0054E7D5 /* SizeNFitCatalina.framework */ = {isa = PBXFileReference; explicitFileType = wrapper.framework; includeInIndex = 0; path = SizeNFitCatalina.framework; sourceTree = BUILT_PRODUCTS_DIR; };
		60915FD223AB972E0054E7D5 /* SizeNFitCatalina.h */ = {isa = PBXFileReference; lastKnownFileType = sourcecode.c.h; path = SizeNFitCatalina.h; sourceTree = "<group>"; };
		60915FD323AB972E0054E7D5 /* Info.plist */ = {isa = PBXFileReference; lastKnownFileType = text.plist.xml; path = Info.plist; sourceTree = "<group>"; };
		60915FD823AB972E0054E7D5 /* SizeNFitCatalinaTests.xctest */ = {isa = PBXFileReference; explicitFileType = wrapper.cfbundle; includeInIndex = 0; path = SizeNFitCatalinaTests.xctest; sourceTree = BUILT_PRODUCTS_DIR; };
		60915FDD23AB972E0054E7D5 /* SizeNFitCatalinaTests.swift */ = {isa = PBXFileReference; lastKnownFileType = sourcecode.swift; path = SizeNFitCatalinaTests.swift; sourceTree = "<group>"; };
		60915FDF23AB972E0054E7D5 /* Info.plist */ = {isa = PBXFileReference; lastKnownFileType = text.plist.xml; path = Info.plist; sourceTree = "<group>"; };
		60915FED23AB98050054E7D5 /* SizeNFitCatalinaExample.app */ = {isa = PBXFileReference; explicitFileType = wrapper.application; includeInIndex = 0; path = SizeNFitCatalinaExample.app; sourceTree = BUILT_PRODUCTS_DIR; };
		60915FEF23AB98050054E7D5 /* AppDelegate.swift */ = {isa = PBXFileReference; lastKnownFileType = sourcecode.swift; path = AppDelegate.swift; sourceTree = "<group>"; };
		60915FF123AB98050054E7D5 /* SceneDelegate.swift */ = {isa = PBXFileReference; lastKnownFileType = sourcecode.swift; path = SceneDelegate.swift; sourceTree = "<group>"; };
		60915FF323AB98050054E7D5 /* ViewController.swift */ = {isa = PBXFileReference; lastKnownFileType = sourcecode.swift; path = ViewController.swift; sourceTree = "<group>"; };
		60915FF623AB98050054E7D5 /* Base */ = {isa = PBXFileReference; lastKnownFileType = file.storyboard; name = Base; path = Base.lproj/Main.storyboard; sourceTree = "<group>"; };
		60915FF823AB98070054E7D5 /* Assets.xcassets */ = {isa = PBXFileReference; lastKnownFileType = folder.assetcatalog; path = Assets.xcassets; sourceTree = "<group>"; };
		60915FFB23AB98070054E7D5 /* Base */ = {isa = PBXFileReference; lastKnownFileType = file.storyboard; name = Base; path = Base.lproj/LaunchScreen.storyboard; sourceTree = "<group>"; };
		60915FFD23AB98070054E7D5 /* Info.plist */ = {isa = PBXFileReference; lastKnownFileType = text.plist.xml; path = Info.plist; sourceTree = "<group>"; };
/* End PBXFileReference section */

/* Begin PBXFrameworksBuildPhase section */
		60915FCC23AB972E0054E7D5 /* Frameworks */ = {
			isa = PBXFrameworksBuildPhase;
			buildActionMask = 2147483647;
			files = (
			);
			runOnlyForDeploymentPostprocessing = 0;
		};
		60915FD523AB972E0054E7D5 /* Frameworks */ = {
			isa = PBXFrameworksBuildPhase;
			buildActionMask = 2147483647;
			files = (
				60915FD923AB972E0054E7D5 /* SizeNFitCatalina.framework in Frameworks */,
			);
			runOnlyForDeploymentPostprocessing = 0;
		};
		60915FEA23AB98050054E7D5 /* Frameworks */ = {
			isa = PBXFrameworksBuildPhase;
			buildActionMask = 2147483647;
			files = (
			);
			runOnlyForDeploymentPostprocessing = 0;
		};
/* End PBXFrameworksBuildPhase section */

/* Begin PBXGroup section */
		60915FC523AB972E0054E7D5 = {
			isa = PBXGroup;
			children = (
				60915FD123AB972E0054E7D5 /* SizeNFitCatalina */,
				60915FDC23AB972E0054E7D5 /* SizeNFitCatalinaTests */,
				60915FEE23AB98050054E7D5 /* SizeNFitCatalinaExample */,
				60915FD023AB972E0054E7D5 /* Products */,
			);
			sourceTree = "<group>";
		};
		60915FD023AB972E0054E7D5 /* Products */ = {
			isa = PBXGroup;
			children = (
				60915FCF23AB972E0054E7D5 /* SizeNFitCatalina.framework */,
				60915FD823AB972E0054E7D5 /* SizeNFitCatalinaTests.xctest */,
				60915FED23AB98050054E7D5 /* SizeNFitCatalinaExample.app */,
			);
			name = Products;
			sourceTree = "<group>";
		};
		60915FD123AB972E0054E7D5 /* SizeNFitCatalina */ = {
			isa = PBXGroup;
			children = (
				60915FD223AB972E0054E7D5 /* SizeNFitCatalina.h */,
				60915FD323AB972E0054E7D5 /* Info.plist */,
			);
			path = SizeNFitCatalina;
			sourceTree = "<group>";
		};
		60915FDC23AB972E0054E7D5 /* SizeNFitCatalinaTests */ = {
			isa = PBXGroup;
			children = (
				60915FDD23AB972E0054E7D5 /* SizeNFitCatalinaTests.swift */,
				60915FDF23AB972E0054E7D5 /* Info.plist */,
			);
			path = SizeNFitCatalinaTests;
			sourceTree = "<group>";
		};
		60915FEE23AB98050054E7D5 /* SizeNFitCatalinaExample */ = {
			isa = PBXGroup;
			children = (
				60915FEF23AB98050054E7D5 /* AppDelegate.swift */,
				60915FF123AB98050054E7D5 /* SceneDelegate.swift */,
				60915FF323AB98050054E7D5 /* ViewController.swift */,
				60915FF523AB98050054E7D5 /* Main.storyboard */,
				60915FF823AB98070054E7D5 /* Assets.xcassets */,
				60915FFA23AB98070054E7D5 /* LaunchScreen.storyboard */,
				60915FFD23AB98070054E7D5 /* Info.plist */,
			);
			path = SizeNFitCatalinaExample;
			sourceTree = "<group>";
		};
/* End PBXGroup section */

/* Begin PBXHeadersBuildPhase section */
		60915FCA23AB972E0054E7D5 /* Headers */ = {
			isa = PBXHeadersBuildPhase;
			buildActionMask = 2147483647;
			files = (
				60915FE023AB972E0054E7D5 /* SizeNFitCatalina.h in Headers */,
			);
			runOnlyForDeploymentPostprocessing = 0;
		};
/* End PBXHeadersBuildPhase section */

/* Begin PBXNativeTarget section */
		60915FCE23AB972E0054E7D5 /* SizeNFitCatalina */ = {
			isa = PBXNativeTarget;
			buildConfigurationList = 60915FE323AB972E0054E7D5 /* Build configuration list for PBXNativeTarget "SizeNFitCatalina" */;
			buildPhases = (
				60915FCA23AB972E0054E7D5 /* Headers */,
				60915FCB23AB972E0054E7D5 /* Sources */,
				60915FCC23AB972E0054E7D5 /* Frameworks */,
				60915FCD23AB972E0054E7D5 /* Resources */,
			);
			buildRules = (
			);
			dependencies = (
			);
			name = SizeNFitCatalina;
			productName = SizeNFitCatalina;
			productReference = 60915FCF23AB972E0054E7D5 /* SizeNFitCatalina.framework */;
			productType = "com.apple.product-type.framework";
		};
		60915FD723AB972E0054E7D5 /* SizeNFitCatalinaTests */ = {
			isa = PBXNativeTarget;
			buildConfigurationList = 60915FE623AB972E0054E7D5 /* Build configuration list for PBXNativeTarget "SizeNFitCatalinaTests" */;
			buildPhases = (
				60915FD423AB972E0054E7D5 /* Sources */,
				60915FD523AB972E0054E7D5 /* Frameworks */,
				60915FD623AB972E0054E7D5 /* Resources */,
			);
			buildRules = (
			);
			dependencies = (
				60915FDB23AB972E0054E7D5 /* PBXTargetDependency */,
			);
			name = SizeNFitCatalinaTests;
			productName = SizeNFitCatalinaTests;
			productReference = 60915FD823AB972E0054E7D5 /* SizeNFitCatalinaTests.xctest */;
			productType = "com.apple.product-type.bundle.unit-test";
		};
		60915FEC23AB98050054E7D5 /* SizeNFitCatalinaExample */ = {
			isa = PBXNativeTarget;
			buildConfigurationList = 6091600023AB98070054E7D5 /* Build configuration list for PBXNativeTarget "SizeNFitCatalinaExample" */;
			buildPhases = (
				60915FE923AB98050054E7D5 /* Sources */,
				60915FEA23AB98050054E7D5 /* Frameworks */,
				60915FEB23AB98050054E7D5 /* Resources */,
			);
			buildRules = (
			);
			dependencies = (
			);
			name = SizeNFitCatalinaExample;
			productName = SizeNFitCatalinaExample;
			productReference = 60915FED23AB98050054E7D5 /* SizeNFitCatalinaExample.app */;
			productType = "com.apple.product-type.application";
		};
/* End PBXNativeTarget section */

/* Begin PBXProject section */
		60915FC623AB972E0054E7D5 /* Project object */ = {
			isa = PBXProject;
			attributes = {
				LastSwiftUpdateCheck = 1130;
				LastUpgradeCheck = 1130;
				ORGANIZATIONNAME = "Naveed ur Rehman";
				TargetAttributes = {
					60915FCE23AB972E0054E7D5 = {
						CreatedOnToolsVersion = 11.3;
					};
					60915FD723AB972E0054E7D5 = {
						CreatedOnToolsVersion = 11.3;
					};
					60915FEC23AB98050054E7D5 = {
						CreatedOnToolsVersion = 11.3;
					};
				};
			};
			buildConfigurationList = 60915FC923AB972E0054E7D5 /* Build configuration list for PBXProject "SizeNFitCatalina" */;
			compatibilityVersion = "Xcode 9.3";
			developmentRegion = en;
			hasScannedForEncodings = 0;
			knownRegions = (
				en,
				Base,
			);
			mainGroup = 60915FC523AB972E0054E7D5;
			productRefGroup = 60915FD023AB972E0054E7D5 /* Products */;
			projectDirPath = "";
			projectRoot = "";
			targets = (
				60915FCE23AB972E0054E7D5 /* SizeNFitCatalina */,
				60915FD723AB972E0054E7D5 /* SizeNFitCatalinaTests */,
				60915FEC23AB98050054E7D5 /* SizeNFitCatalinaExample */,
			);
		};
/* End PBXProject section */

/* Begin PBXResourcesBuildPhase section */
		60915FCD23AB972E0054E7D5 /* Resources */ = {
			isa = PBXResourcesBuildPhase;
			buildActionMask = 2147483647;
			files = (
			);
			runOnlyForDeploymentPostprocessing = 0;
		};
		60915FD623AB972E0054E7D5 /* Resources */ = {
			isa = PBXResourcesBuildPhase;
			buildActionMask = 2147483647;
			files = (
			);
			runOnlyForDeploymentPostprocessing = 0;
		};
		60915FEB23AB98050054E7D5 /* Resources */ = {
			isa = PBXResourcesBuildPhase;
			buildActionMask = 2147483647;
			files = (
				60915FFC23AB98070054E7D5 /* LaunchScreen.storyboard in Resources */,
				60915FF923AB98070054E7D5 /* Assets.xcassets in Resources */,
				60915FF723AB98050054E7D5 /* Main.storyboard in Resources */,
			);
			runOnlyForDeploymentPostprocessing = 0;
		};
/* End PBXResourcesBuildPhase section */

/* Begin PBXSourcesBuildPhase section */
		60915FCB23AB972E0054E7D5 /* Sources */ = {
			isa = PBXSourcesBuildPhase;
			buildActionMask = 2147483647;
			files = (
			);
			runOnlyForDeploymentPostprocessing = 0;
		};
		60915FD423AB972E0054E7D5 /* Sources */ = {
			isa = PBXSourcesBuildPhase;
			buildActionMask = 2147483647;
			files = (
				60915FDE23AB972E0054E7D5 /* SizeNFitCatalinaTests.swift in Sources */,
			);
			runOnlyForDeploymentPostprocessing = 0;
		};
		60915FE923AB98050054E7D5 /* Sources */ = {
			isa = PBXSourcesBuildPhase;
			buildActionMask = 2147483647;
			files = (
				60915FF423AB98050054E7D5 /* ViewController.swift in Sources */,
				60915FF023AB98050054E7D5 /* AppDelegate.swift in Sources */,
				60915FF223AB98050054E7D5 /* SceneDelegate.swift in Sources */,
			);
			runOnlyForDeploymentPostprocessing = 0;
		};
/* End PBXSourcesBuildPhase section */

/* Begin PBXTargetDependency section */
		60915FDB23AB972E0054E7D5 /* PBXTargetDependency */ = {
			isa = PBXTargetDependency;
			target = 60915FCE23AB972E0054E7D5 /* SizeNFitCatalina */;
			targetProxy = 60915FDA23AB972E0054E7D5 /* PBXContainerItemProxy */;
		};
/* End PBXTargetDependency section */

/* Begin PBXVariantGroup section */
		60915FF523AB98050054E7D5 /* Main.storyboard */ = {
			isa = PBXVariantGroup;
			children = (
				60915FF623AB98050054E7D5 /* Base */,
			);
			name = Main.storyboard;
			sourceTree = "<group>";
		};
		60915FFA23AB98070054E7D5 /* LaunchScreen.storyboard */ = {
			isa = PBXVariantGroup;
			children = (
				60915FFB23AB98070054E7D5 /* Base */,
			);
			name = LaunchScreen.storyboard;
			sourceTree = "<group>";
		};
/* End PBXVariantGroup section */

/* Begin XCBuildConfiguration section */
		60915FE123AB972E0054E7D5 /* Debug */ = {
			isa = XCBuildConfiguration;
			buildSettings = {
				ALWAYS_SEARCH_USER_PATHS = NO;
				CLANG_ANALYZER_NONNULL = YES;
				CLANG_ANALYZER_NUMBER_OBJECT_CONVERSION = YES_AGGRESSIVE;
				CLANG_CXX_LANGUAGE_STANDARD = "gnu++14";
				CLANG_CXX_LIBRARY = "libc++";
				CLANG_ENABLE_MODULES = YES;
				CLANG_ENABLE_OBJC_ARC = YES;
				CLANG_ENABLE_OBJC_WEAK = YES;
				CLANG_WARN_BLOCK_CAPTURE_AUTORELEASING = YES;
				CLANG_WARN_BOOL_CONVERSION = YES;
				CLANG_WARN_COMMA = YES;
				CLANG_WARN_CONSTANT_CONVERSION = YES;
				CLANG_WARN_DEPRECATED_OBJC_IMPLEMENTATIONS = YES;
				CLANG_WARN_DIRECT_OBJC_ISA_USAGE = YES_ERROR;
				CLANG_WARN_DOCUMENTATION_COMMENTS = YES;
				CLANG_WARN_EMPTY_BODY = YES;
				CLANG_WARN_ENUM_CONVERSION = YES;
				CLANG_WARN_INFINITE_RECURSION = YES;
				CLANG_WARN_INT_CONVERSION = YES;
				CLANG_WARN_NON_LITERAL_NULL_CONVERSION = YES;
				CLANG_WARN_OBJC_IMPLICIT_RETAIN_SELF = YES;
				CLANG_WARN_OBJC_LITERAL_CONVERSION = YES;
				CLANG_WARN_OBJC_ROOT_CLASS = YES_ERROR;
				CLANG_WARN_RANGE_LOOP_ANALYSIS = YES;
				CLANG_WARN_STRICT_PROTOTYPES = YES;
				CLANG_WARN_SUSPICIOUS_MOVE = YES;
				CLANG_WARN_UNGUARDED_AVAILABILITY = YES_AGGRESSIVE;
				CLANG_WARN_UNREACHABLE_CODE = YES;
				CLANG_WARN__DUPLICATE_METHOD_MATCH = YES;
				COPY_PHASE_STRIP = NO;
				CURRENT_PROJECT_VERSION = 1;
				DEBUG_INFORMATION_FORMAT = dwarf;
				ENABLE_STRICT_OBJC_MSGSEND = YES;
				ENABLE_TESTABILITY = YES;
				GCC_C_LANGUAGE_STANDARD = gnu11;
				GCC_DYNAMIC_NO_PIC = NO;
				GCC_NO_COMMON_BLOCKS = YES;
				GCC_OPTIMIZATION_LEVEL = 0;
				GCC_PREPROCESSOR_DEFINITIONS = (
					"DEBUG=1",
					"$(inherited)",
				);
				GCC_WARN_64_TO_32_BIT_CONVERSION = YES;
				GCC_WARN_ABOUT_RETURN_TYPE = YES_ERROR;
				GCC_WARN_UNDECLARED_SELECTOR = YES;
				GCC_WARN_UNINITIALIZED_AUTOS = YES_AGGRESSIVE;
				GCC_WARN_UNUSED_FUNCTION = YES;
				GCC_WARN_UNUSED_VARIABLE = YES;
				IPHONEOS_DEPLOYMENT_TARGET = 13.2;
				MTL_ENABLE_DEBUG_INFO = INCLUDE_SOURCE;
				MTL_FAST_MATH = YES;
				ONLY_ACTIVE_ARCH = YES;
				SDKROOT = iphoneos;
				SWIFT_ACTIVE_COMPILATION_CONDITIONS = DEBUG;
				SWIFT_OPTIMIZATION_LEVEL = "-Onone";
				VERSIONING_SYSTEM = "apple-generic";
				VERSION_INFO_PREFIX = "";
			};
			name = Debug;
		};
		60915FE223AB972E0054E7D5 /* Release */ = {
			isa = XCBuildConfiguration;
			buildSettings = {
				ALWAYS_SEARCH_USER_PATHS = NO;
				CLANG_ANALYZER_NONNULL = YES;
				CLANG_ANALYZER_NUMBER_OBJECT_CONVERSION = YES_AGGRESSIVE;
				CLANG_CXX_LANGUAGE_STANDARD = "gnu++14";
				CLANG_CXX_LIBRARY = "libc++";
				CLANG_ENABLE_MODULES = YES;
				CLANG_ENABLE_OBJC_ARC = YES;
				CLANG_ENABLE_OBJC_WEAK = YES;
				CLANG_WARN_BLOCK_CAPTURE_AUTORELEASING = YES;
				CLANG_WARN_BOOL_CONVERSION = YES;
				CLANG_WARN_COMMA = YES;
				CLANG_WARN_CONSTANT_CONVERSION = YES;
				CLANG_WARN_DEPRECATED_OBJC_IMPLEMENTATIONS = YES;
				CLANG_WARN_DIRECT_OBJC_ISA_USAGE = YES_ERROR;
				CLANG_WARN_DOCUMENTATION_COMMENTS = YES;
				CLANG_WARN_EMPTY_BODY = YES;
				CLANG_WARN_ENUM_CONVERSION = YES;
				CLANG_WARN_INFINITE_RECURSION = YES;
				CLANG_WARN_INT_CONVERSION = YES;
				CLANG_WARN_NON_LITERAL_NULL_CONVERSION = YES;
				CLANG_WARN_OBJC_IMPLICIT_RETAIN_SELF = YES;
				CLANG_WARN_OBJC_LITERAL_CONVERSION = YES;
				CLANG_WARN_OBJC_ROOT_CLASS = YES_ERROR;
				CLANG_WARN_RANGE_LOOP_ANALYSIS = YES;
				CLANG_WARN_STRICT_PROTOTYPES = YES;
				CLANG_WARN_SUSPICIOUS_MOVE = YES;
				CLANG_WARN_UNGUARDED_AVAILABILITY = YES_AGGRESSIVE;
				CLANG_WARN_UNREACHABLE_CODE = YES;
				CLANG_WARN__DUPLICATE_METHOD_MATCH = YES;
				COPY_PHASE_STRIP = NO;
				CURRENT_PROJECT_VERSION = 1;
				DEBUG_INFORMATION_FORMAT = "dwarf-with-dsym";
				ENABLE_NS_ASSERTIONS = NO;
				ENABLE_STRICT_OBJC_MSGSEND = YES;
				GCC_C_LANGUAGE_STANDARD = gnu11;
				GCC_NO_COMMON_BLOCKS = YES;
				GCC_WARN_64_TO_32_BIT_CONVERSION = YES;
				GCC_WARN_ABOUT_RETURN_TYPE = YES_ERROR;
				GCC_WARN_UNDECLARED_SELECTOR = YES;
				GCC_WARN_UNINITIALIZED_AUTOS = YES_AGGRESSIVE;
				GCC_WARN_UNUSED_FUNCTION = YES;
				GCC_WARN_UNUSED_VARIABLE = YES;
				IPHONEOS_DEPLOYMENT_TARGET = 13.2;
				MTL_ENABLE_DEBUG_INFO = NO;
				MTL_FAST_MATH = YES;
				SDKROOT = iphoneos;
				SWIFT_COMPILATION_MODE = wholemodule;
				SWIFT_OPTIMIZATION_LEVEL = "-O";
				VALIDATE_PRODUCT = YES;
				VERSIONING_SYSTEM = "apple-generic";
				VERSION_INFO_PREFIX = "";
			};
			name = Release;
		};
		60915FE423AB972E0054E7D5 /* Debug */ = {
			isa = XCBuildConfiguration;
			buildSettings = {
				CODE_SIGN_STYLE = Automatic;
				DEFINES_MODULE = YES;
				DYLIB_COMPATIBILITY_VERSION = 1;
				DYLIB_CURRENT_VERSION = 1;
				DYLIB_INSTALL_NAME_BASE = "@rpath";
				INFOPLIST_FILE = SizeNFitCatalina/Info.plist;
				INSTALL_PATH = "$(LOCAL_LIBRARY_DIR)/Frameworks";
				LD_RUNPATH_SEARCH_PATHS = (
					"$(inherited)",
					"@executable_path/Frameworks",
					"@loader_path/Frameworks",
				);
				PRODUCT_BUNDLE_IDENTIFIER = eureka.SizeNFitCatalina;
				PRODUCT_NAME = "$(TARGET_NAME:c99extidentifier)";
				SKIP_INSTALL = YES;
				SWIFT_VERSION = 5.0;
				TARGETED_DEVICE_FAMILY = "1,2";
			};
			name = Debug;
		};
		60915FE523AB972E0054E7D5 /* Release */ = {
			isa = XCBuildConfiguration;
			buildSettings = {
				CODE_SIGN_STYLE = Automatic;
				DEFINES_MODULE = YES;
				DYLIB_COMPATIBILITY_VERSION = 1;
				DYLIB_CURRENT_VERSION = 1;
				DYLIB_INSTALL_NAME_BASE = "@rpath";
				INFOPLIST_FILE = SizeNFitCatalina/Info.plist;
				INSTALL_PATH = "$(LOCAL_LIBRARY_DIR)/Frameworks";
				LD_RUNPATH_SEARCH_PATHS = (
					"$(inherited)",
					"@executable_path/Frameworks",
					"@loader_path/Frameworks",
				);
				PRODUCT_BUNDLE_IDENTIFIER = eureka.SizeNFitCatalina;
				PRODUCT_NAME = "$(TARGET_NAME:c99extidentifier)";
				SKIP_INSTALL = YES;
				SWIFT_VERSION = 5.0;
				TARGETED_DEVICE_FAMILY = "1,2";
			};
			name = Release;
		};
		60915FE723AB972E0054E7D5 /* Debug */ = {
			isa = XCBuildConfiguration;
			buildSettings = {
				CODE_SIGN_STYLE = Automatic;
				INFOPLIST_FILE = SizeNFitCatalinaTests/Info.plist;
				LD_RUNPATH_SEARCH_PATHS = (
					"$(inherited)",
					"@executable_path/Frameworks",
					"@loader_path/Frameworks",
				);
				PRODUCT_BUNDLE_IDENTIFIER = eureka.SizeNFitCatalinaTests;
				PRODUCT_NAME = "$(TARGET_NAME)";
				SWIFT_VERSION = 5.0;
				TARGETED_DEVICE_FAMILY = "1,2";
			};
			name = Debug;
		};
		60915FE823AB972E0054E7D5 /* Release */ = {
			isa = XCBuildConfiguration;
			buildSettings = {
				CODE_SIGN_STYLE = Automatic;
				INFOPLIST_FILE = SizeNFitCatalinaTests/Info.plist;
				LD_RUNPATH_SEARCH_PATHS = (
					"$(inherited)",
					"@executable_path/Frameworks",
					"@loader_path/Frameworks",
				);
				PRODUCT_BUNDLE_IDENTIFIER = eureka.SizeNFitCatalinaTests;
				PRODUCT_NAME = "$(TARGET_NAME)";
				SWIFT_VERSION = 5.0;
				TARGETED_DEVICE_FAMILY = "1,2";
			};
			name = Release;
		};
		60915FFE23AB98070054E7D5 /* Debug */ = {
			isa = XCBuildConfiguration;
			buildSettings = {
				ASSETCATALOG_COMPILER_APPICON_NAME = AppIcon;
				CODE_SIGN_STYLE = Automatic;
				INFOPLIST_FILE = SizeNFitCatalinaExample/Info.plist;
				LD_RUNPATH_SEARCH_PATHS = (
					"$(inherited)",
					"@executable_path/Frameworks",
				);
				PRODUCT_BUNDLE_IDENTIFIER = eureka.SizeNFitCatalinaExample;
				PRODUCT_NAME = "$(TARGET_NAME)";
				SWIFT_VERSION = 5.0;
				TARGETED_DEVICE_FAMILY = "1,2";
			};
			name = Debug;
		};
		60915FFF23AB98070054E7D5 /* Release */ = {
			isa = XCBuildConfiguration;
			buildSettings = {
				ASSETCATALOG_COMPILER_APPICON_NAME = AppIcon;
				CODE_SIGN_STYLE = Automatic;
				INFOPLIST_FILE = SizeNFitCatalinaExample/Info.plist;
				LD_RUNPATH_SEARCH_PATHS = (
					"$(inherited)",
					"@executable_path/Frameworks",
				);
				PRODUCT_BUNDLE_IDENTIFIER = eureka.SizeNFitCatalinaExample;
				PRODUCT_NAME = "$(TARGET_NAME)";
				SWIFT_VERSION = 5.0;
				TARGETED_DEVICE_FAMILY = "1,2";
			};
			name = Release;
		};
/* End XCBuildConfiguration section */

/* Begin XCConfigurationList section */
		60915FC923AB972E0054E7D5 /* Build configuration list for PBXProject "SizeNFitCatalina" */ = {
			isa = XCConfigurationList;
			buildConfigurations = (
				60915FE123AB972E0054E7D5 /* Debug */,
				60915FE223AB972E0054E7D5 /* Release */,
			);
			defaultConfigurationIsVisible = 0;
			defaultConfigurationName = Release;
		};
		60915FE323AB972E0054E7D5 /* Build configuration list for PBXNativeTarget "SizeNFitCatalina" */ = {
			isa = XCConfigurationList;
			buildConfigurations = (
				60915FE423AB972E0054E7D5 /* Debug */,
				60915FE523AB972E0054E7D5 /* Release */,
			);
			defaultConfigurationIsVisible = 0;
			defaultConfigurationName = Release;
		};
		60915FE623AB972E0054E7D5 /* Build configuration list for PBXNativeTarget "SizeNFitCatalinaTests" */ = {
			isa = XCConfigurationList;
			buildConfigurations = (
				60915FE723AB972E0054E7D5 /* Debug */,
				60915FE823AB972E0054E7D5 /* Release */,
			);
			defaultConfigurationIsVisible = 0;
			defaultConfigurationName = Release;
		};
		6091600023AB98070054E7D5 /* Build configuration list for PBXNativeTarget "SizeNFitCatalinaExample" */ = {
			isa = XCConfigurationList;
			buildConfigurations = (
				60915FFE23AB98070054E7D5 /* Debug */,
				60915FFF23AB98070054E7D5 /* Release */,
			);
			defaultConfigurationIsVisible = 0;
			defaultConfigurationName = Release;
		};
/* End XCConfigurationList section */
	};
	rootObject = 60915FC623AB972E0054E7D5 /* Project object */;
}
